<?xml version="1.0" encoding="UTF-8" standalone="yes" ?>
<CodeBlocks_project_file>
	<FileVersion major="1" minor="6" />
	<Project>
		<Option title="Bindings-D" />
		<Option pch_mode="2" />
		<Option compiler="dmd" />
		<Build>
			<Target title="Debug">
				<Option output="bin\Debug\Bindings-D" prefix_auto="1" extension_auto="1" />
				<Option object_output="obj\Debug\" />
				<Option type="1" />
				<Option compiler="dmd" />
				<Compiler>
					<Add option="-g" />
					<Add option="-debug" />
				</Compiler>
			</Target>
			<Target title="Release">
				<Option output="bin\Release\SIEGE-D" prefix_auto="1" extension_auto="1" />
				<Option object_output="obj\Release\" />
				<Option type="1" />
				<Option compiler="dmd" />
				<Compiler>
					<Add option="-release" />
					<Add option="-O" />
					<Add option="-inline" />
				</Compiler>
				<Linker>
					<Add option="-s" />
				</Linker>
			</Target>
		</Build>
		<Compiler>
			<Add directory="..\..\include" />
		</Compiler>
		<Linker>
			<Add library="SIEGE" />
			<Add directory="..\..\build" />
		</Linker>
		<Unit filename="main.d" />
		<Unit filename="siege\c\audio\buffer.d" />
		<Unit filename="siege\c\audio\source.d" />
		<Unit filename="siege\c\common.d" />
		<Unit filename="siege\c\core\core.d" />
		<Unit filename="siege\c\core\event.d" />
		<Unit filename="siege\c\core\window.d" />
		<Unit filename="siege\c\graphics\draw.d" />
		<Unit filename="siege\c\graphics\turtle.d" />
		<Unit filename="siege\c\graphics\viewport.d" />
		<Unit filename="siege\c\input\keyboard.d" />
		<Unit filename="siege\c\input\mouse.d" />
		<Unit filename="siege\c\modules\audio.d" />
		<Unit filename="siege\c\modules\graphics.d" />
		<Unit filename="siege\c\modules\input.d" />
		<Unit filename="siege\c\modules\modules.d" />
		<Unit filename="siege\c\modules\window.d" />
		<Unit filename="siege\c\siege.d" />
		<Unit filename="siege\c\util\link.d" />
		<Unit filename="siege\c\util\list.d" />
		<Unit filename="siege\c\util\plist.d" />
		<Unit filename="siege\core\core.d" />
		<Unit filename="siege\core\window.d" />
		<Unit filename="siege\graphics\draw.d" />
		<Unit filename="siege\graphics\turtle.d" />
		<Unit filename="siege\graphics\viewport.d" />
		<Unit filename="siege\input\keyboard.d" />
		<Unit filename="siege\input\mouse.d" />
		<Unit filename="siege\siege.d" />
		<Extensions>
			<code_completion />
			<envvars />
			<debugger />
		</Extensions>
	</Project>
</CodeBlocks_project_file>
